
Microsoft Visual Studio Solution File, Format Version 12.00
# Visual Studio Version 16
VisualStudioVersion = 16.0.31729.503
MinimumVisualStudioVersion = 10.0.40219.1
Project("{9A19103F-16F7-4668-BE54-9A1E7A4F7556}") = "DAL", "DAL\DAL.csproj", "{CC158975-40E6-4A49-83F1-F5456C3415BB}"
EndProject
Project("{9A19103F-16F7-4668-BE54-9A1E7A4F7556}") = "FlightInventory", "FlightInventory\FlightInventory.csproj", "{2FF76AE5-7B70-461E-82A4-5C7B1737C5C4}"
EndProject
Project("{9A19103F-16F7-4668-BE54-9A1E7A4F7556}") = "Admin", "Admin\Admin.csproj", "{BF3D033C-9BBB-4452-8998-056B63892E9F}"
EndProject
Project("{9A19103F-16F7-4668-BE54-9A1E7A4F7556}") = "FlightAirLine", "FlightAirLine\FlightAirLine.csproj", "{90BA3595-0920-4D3E-8CB4-B85ABBDCBFB7}"
EndProject
Project("{9A19103F-16F7-4668-BE54-9A1E7A4F7556}") = "FlightApiGateWay", "FlightApiGateWay\FlightApiGateWay.csproj", "{EB281463-EAB5-4B6F-AB91-F0C0F334C9F6}"
EndProject
Global
	GlobalSection(SolutionConfigurationPlatforms) = preSolution
		Debug|Any CPU = Debug|Any CPU
		Release|Any CPU = Release|Any CPU
	EndGlobalSection
	GlobalSection(ProjectConfigurationPlatforms) = postSolution
		{CC158975-40E6-4A49-83F1-F5456C3415BB}.Debug|Any CPU.ActiveCfg = Debug|Any CPU
		{CC158975-40E6-4A49-83F1-F5456C3415BB}.Debug|Any CPU.Build.0 = Debug|Any CPU
		{CC158975-40E6-4A49-83F1-F5456C3415BB}.Release|Any CPU.ActiveCfg = Release|Any CPU
		{CC158975-40E6-4A49-83F1-F5456C3415BB}.Release|Any CPU.Build.0 = Release|Any CPU
		{2FF76AE5-7B70-461E-82A4-5C7B1737C5C4}.Debug|Any CPU.ActiveCfg = Debug|Any CPU
		{2FF76AE5-7B70-461E-82A4-5C7B1737C5C4}.Debug|Any CPU.Build.0 = Debug|Any CPU
		{2FF76AE5-7B70-461E-82A4-5C7B1737C5C4}.Release|Any CPU.ActiveCfg = Release|Any CPU
		{2FF76AE5-7B70-461E-82A4-5C7B1737C5C4}.Release|Any CPU.Build.0 = Release|Any CPU
		{BF3D033C-9BBB-4452-8998-056B63892E9F}.Debug|Any CPU.ActiveCfg = Debug|Any CPU
		{BF3D033C-9BBB-4452-8998-056B63892E9F}.Debug|Any CPU.Build.0 = Debug|Any CPU
		{BF3D033C-9BBB-4452-8998-056B63892E9F}.Release|Any CPU.ActiveCfg = Release|Any CPU
		{BF3D033C-9BBB-4452-8998-056B63892E9F}.Release|Any CPU.Build.0 = Release|Any CPU
		{90BA3595-0920-4D3E-8CB4-B85ABBDCBFB7}.Debug|Any CPU.ActiveCfg = Debug|Any CPU
		{90BA3595-0920-4D3E-8CB4-B85ABBDCBFB7}.Debug|Any CPU.Build.0 = Debug|Any CPU
		{90BA3595-0920-4D3E-8CB4-B85ABBDCBFB7}.Release|Any CPU.ActiveCfg = Release|Any CPU
		{90BA3595-0920-4D3E-8CB4-B85ABBDCBFB7}.Release|Any CPU.Build.0 = Release|Any CPU
		{EB281463-EAB5-4B6F-AB91-F0C0F334C9F6}.Debug|Any CPU.ActiveCfg = Debug|Any CPU
		{EB281463-EAB5-4B6F-AB91-F0C0F334C9F6}.Debug|Any CPU.Build.0 = Debug|Any CPU
		{EB281463-EAB5-4B6F-AB91-F0C0F334C9F6}.Release|Any CPU.ActiveCfg = Release|Any CPU
		{EB281463-EAB5-4B6F-AB91-F0C0F334C9F6}.Release|Any CPU.Build.0 = Release|Any CPU
	EndGlobalSection
	GlobalSection(SolutionProperties) = preSolution
		HideSolutionNode = FALSE
	EndGlobalSection
	GlobalSection(ExtensibilityGlobals) = postSolution
		SolutionGuid = {B3748B05-5705-4C68-87F5-7C714FAEE542}
	EndGlobalSection
EndGlobal
